
Microsoft Visual Studio Solution File, Format Version 12.00
Project("{FAE04EC0-301F-11D3-BF4B-00C04F79EFBC}") = "Blazor_Inlämnings_Uppgift", "Blazor_Inlämnings_Uppgift\Blazor_Inlämnings_Uppgift.csproj", "{EFE02CB9-669C-441C-9B8A-0BB071443F68}"
EndProject
Global
	GlobalSection(SolutionConfigurationPlatforms) = preSolution
		Debug|Any CPU = Debug|Any CPU
		Release|Any CPU = Release|Any CPU
	EndGlobalSection
	GlobalSection(ProjectConfigurationPlatforms) = postSolution
		{EFE02CB9-669C-441C-9B8A-0BB071443F68}.Debug|Any CPU.ActiveCfg = Debug|Any CPU
		{EFE02CB9-669C-441C-9B8A-0BB071443F68}.Debug|Any CPU.Build.0 = Debug|Any CPU
		{EFE02CB9-669C-441C-9B8A-0BB071443F68}.Release|Any CPU.ActiveCfg = Release|Any CPU
		{EFE02CB9-669C-441C-9B8A-0BB071443F68}.Release|Any CPU.Build.0 = Release|Any CPU
	EndGlobalSection
EndGlobal
